
Microsoft Visual Studio Solution File, Format Version 12.00
# Visual Studio Version 16
VisualStudioVersion = 16.0.28803.452
MinimumVisualStudioVersion = 10.0.40219.1
Project("{FAE04EC0-301F-11D3-BF4B-00C04F79EFBC}") = "CalculatorDelegate", "CalculatorDelegate\CalculatorDelegate.csproj", "{3D39821F-E2D0-481F-970C-7F6ADF89D04D}"
EndProject
Global
	GlobalSection(SolutionConfigurationPlatforms) = preSolution
		Debug|Any CPU = Debug|Any CPU
		Release|Any CPU = Release|Any CPU
	EndGlobalSection
	GlobalSection(ProjectConfigurationPlatforms) = postSolution
		{3D39821F-E2D0-481F-970C-7F6ADF89D04D}.Debug|Any CPU.ActiveCfg = Debug|Any CPU
		{3D39821F-E2D0-481F-970C-7F6ADF89D04D}.Debug|Any CPU.Build.0 = Debug|Any CPU
		{3D39821F-E2D0-481F-970C-7F6ADF89D04D}.Release|Any CPU.ActiveCfg = Release|Any CPU
		{3D39821F-E2D0-481F-970C-7F6ADF89D04D}.Release|Any CPU.Build.0 = Release|Any CPU
	EndGlobalSection
	GlobalSection(SolutionProperties) = preSolution
		HideSolutionNode = FALSE
	EndGlobalSection
	GlobalSection(ExtensibilityGlobals) = postSolution
		SolutionGuid = {E4FEFC0F-D72A-41FD-A96A-230A33B838E3}
	EndGlobalSection
EndGlobal
